
Microsoft Visual Studio Solution File, Format Version 12.00
# Visual Studio Version 16
VisualStudioVersion = 16.0.31025.194
MinimumVisualStudioVersion = 10.0.40219.1
Project("{FAE04EC0-301F-11D3-BF4B-00C04F79EFBC}") = "NotificationApi", "NotificationApi\NotificationApi.csproj", "{2F4ED2E0-7FB2-454C-A88D-0D2BD34F1E5C}"
EndProject
Project("{FAE04EC0-301F-11D3-BF4B-00C04F79EFBC}") = "Infrastructure", "Infrastructure\Infrastructure.csproj", "{647881CE-D493-4987-AC0A-B9298E4C96CD}"
EndProject
Project("{FAE04EC0-301F-11D3-BF4B-00C04F79EFBC}") = "Entities", "Entities\Entities.csproj", "{304AD2E4-47E1-4E47-9E8A-DCEA8135BFD6}"
EndProject
Global
	GlobalSection(SolutionConfigurationPlatforms) = preSolution
		Debug|Any CPU = Debug|Any CPU
		Release|Any CPU = Release|Any CPU
	EndGlobalSection
	GlobalSection(ProjectConfigurationPlatforms) = postSolution
		{2F4ED2E0-7FB2-454C-A88D-0D2BD34F1E5C}.Debug|Any CPU.ActiveCfg = Debug|Any CPU
		{2F4ED2E0-7FB2-454C-A88D-0D2BD34F1E5C}.Debug|Any CPU.Build.0 = Debug|Any CPU
		{2F4ED2E0-7FB2-454C-A88D-0D2BD34F1E5C}.Release|Any CPU.ActiveCfg = Release|Any CPU
		{2F4ED2E0-7FB2-454C-A88D-0D2BD34F1E5C}.Release|Any CPU.Build.0 = Release|Any CPU
		{647881CE-D493-4987-AC0A-B9298E4C96CD}.Debug|Any CPU.ActiveCfg = Debug|Any CPU
		{647881CE-D493-4987-AC0A-B9298E4C96CD}.Debug|Any CPU.Build.0 = Debug|Any CPU
		{647881CE-D493-4987-AC0A-B9298E4C96CD}.Release|Any CPU.ActiveCfg = Release|Any CPU
		{647881CE-D493-4987-AC0A-B9298E4C96CD}.Release|Any CPU.Build.0 = Release|Any CPU
		{304AD2E4-47E1-4E47-9E8A-DCEA8135BFD6}.Debug|Any CPU.ActiveCfg = Debug|Any CPU
		{304AD2E4-47E1-4E47-9E8A-DCEA8135BFD6}.Debug|Any CPU.Build.0 = Debug|Any CPU
		{304AD2E4-47E1-4E47-9E8A-DCEA8135BFD6}.Release|Any CPU.ActiveCfg = Release|Any CPU
		{304AD2E4-47E1-4E47-9E8A-DCEA8135BFD6}.Release|Any CPU.Build.0 = Release|Any CPU
	EndGlobalSection
	GlobalSection(SolutionProperties) = preSolution
		HideSolutionNode = FALSE
	EndGlobalSection
	GlobalSection(ExtensibilityGlobals) = postSolution
		SolutionGuid = {DB0B32FA-A736-419D-B810-0FC59CF04B12}
	EndGlobalSection
EndGlobal
